lockVersion: 2.0.0
id: 4a4734c8-ad95-4a47-85c6-8e5cbd85a8eb
management:
  docChecksum: 1bdb7a6f8bf3995d4b40475228403253
  docVersion: 1.0.0
  speakeasyVersion: internal
  generationVersion: 2.237.2
  releaseVersion: 0.5.4
  configChecksum: f546c51ba8dfc996dd5dcdf20eeaaa9b
  repoURL: https://github.com/speakeasy-sdks/api-test.git
  repoSubDirectory: .
  installationURL: https://github.com/speakeasy-sdks/api-test.git
features:
  python:
    core: 4.4.2
    globalServerURLs: 2.82.1
generatedFiles:
  - src/api_test/sdkconfiguration.py
  - src/api_test/pets.py
  - src/api_test/sdk.py
  - pylintrc
  - setup.py
  - src/api_test/__init__.py
  - src/api_test/utils/__init__.py
  - src/api_test/utils/retries.py
  - src/api_test/utils/utils.py
  - src/api_test/models/errors/sdkerror.py
  - tests/helpers.py
  - src/api_test/models/operations/createpets.py
  - src/api_test/models/operations/listpets.py
  - src/api_test/models/operations/showpetbyid.py
  - src/api_test/models/shared/error.py
  - src/api_test/models/shared/pet.py
  - src/api_test/models/__init__.py
  - src/api_test/models/errors/__init__.py
  - src/api_test/models/operations/__init__.py
  - src/api_test/models/shared/__init__.py
  - docs/models/operations/createpetsresponse.md
  - docs/models/operations/listpetsrequest.md
  - docs/models/operations/listpetsresponse.md
  - docs/models/operations/showpetbyidrequest.md
  - docs/models/operations/showpetbyidresponse.md
  - docs/models/shared/error.md
  - docs/models/shared/pet.md
  - docs/sdks/apitest/README.md
  - docs/sdks/pets/README.md
  - USAGE.md
  - .gitattributes
